{
  "lockfileVersion": 1,
  "configVersion": 1,
  "workspaces": {
    "": {
      "dependencies": {
        "@prisma/client": "^7.9.0",
      },
    },
  },
  "packages": {
    "@prisma/client": ["@prisma/client@7.9.0", "", { "dependencies": { "@prisma/client-runtime-utils": "7.9.0" }, "peerDependencies": { "prisma": "*", "typescript": ">=5.4.0" }, "optionalPeers": ["prisma", "typescript"] }, "sha512-BTG/mB+WL/1sD2gWwdNc2uuVJjNNBgCDlPFdjco6jJArgbg4IAChtzVeW4debFa/NKBbsGedCjET316sjllWTQ=="],

    "@prisma/client-runtime-utils": ["@prisma/client-runtime-utils@7.9.0", "", {}, "sha512-kMVmS4ZEy3xlkca+TfxOEm/ToVVlOS2x1Tc6/wIRf/HfczBqENtSPcKszy4ZpFNzjJ8SRKvlU5V0rrpoFw2KOg=="],
  }
}
